
Microsoft Visual Studio Solution File, Format Version 12.00
# Visual Studio 14
VisualStudioVersion = 14.0.25420.1
MinimumVisualStudioVersion = 10.0.40219.1
Project("{FAE04EC0-301F-11D3-BF4B-00C04F79EFBC}") = "ReSharper.Xao.Default", "ReSharper.Xao\default\ReSharper.Xao.Default.csproj", "{785F7B92-C2C3-48FA-AE99-9F26BEFC1B57}"
EndProject
Project("{FAE04EC0-301F-11D3-BF4B-00C04F79EFBC}") = "ReSharper.Xao.Wave06", "ReSharper.Xao\wave06\ReSharper.Xao.Wave06.csproj", "{32B8C308-2686-449F-B3EF-ED7598D3A105}"
EndProject
Global
	GlobalSection(SolutionConfigurationPlatforms) = preSolution
		Debug|Any CPU = Debug|Any CPU
		Release|Any CPU = Release|Any CPU
	EndGlobalSection
	GlobalSection(ProjectConfigurationPlatforms) = postSolution
		{785F7B92-C2C3-48FA-AE99-9F26BEFC1B57}.Debug|Any CPU.ActiveCfg = Debug|Any CPU
		{785F7B92-C2C3-48FA-AE99-9F26BEFC1B57}.Debug|Any CPU.Build.0 = Debug|Any CPU
		{785F7B92-C2C3-48FA-AE99-9F26BEFC1B57}.Release|Any CPU.ActiveCfg = Release|Any CPU
		{785F7B92-C2C3-48FA-AE99-9F26BEFC1B57}.Release|Any CPU.Build.0 = Release|Any CPU
		{32B8C308-2686-449F-B3EF-ED7598D3A105}.Debug|Any CPU.ActiveCfg = Debug|Any CPU
		{32B8C308-2686-449F-B3EF-ED7598D3A105}.Debug|Any CPU.Build.0 = Debug|Any CPU
		{32B8C308-2686-449F-B3EF-ED7598D3A105}.Release|Any CPU.ActiveCfg = Release|Any CPU
		{32B8C308-2686-449F-B3EF-ED7598D3A105}.Release|Any CPU.Build.0 = Release|Any CPU
	EndGlobalSection
	GlobalSection(SolutionProperties) = preSolution
		HideSolutionNode = FALSE
	EndGlobalSection
EndGlobal
