
Microsoft Visual Studio Solution File, Format Version 12.00
# Visual Studio 15
VisualStudioVersion = 15.0.27130.2003
MinimumVisualStudioVersion = 10.0.40219.1
Project("{9A19103F-16F7-4668-BE54-9A1E7A4F7556}") = "ReSharper.Xao", "ReSharper.Xao\ReSharper.Xao.csproj", "{2615BF73-7B74-4F41-AB7B-9C9BD644B85A}"
EndProject
Project("{9A19103F-16F7-4668-BE54-9A1E7A4F7556}") = "_build", "..\build\_build.csproj", "{E2E15476-F623-41C3-A26A-50036CBB654D}"
EndProject
Global
	GlobalSection(SolutionConfigurationPlatforms) = preSolution
		Debug|Any CPU = Debug|Any CPU
		Release|Any CPU = Release|Any CPU
	EndGlobalSection
	GlobalSection(ProjectConfigurationPlatforms) = postSolution
		{2615BF73-7B74-4F41-AB7B-9C9BD644B85A}.Debug|Any CPU.ActiveCfg = Debug|Any CPU
		{2615BF73-7B74-4F41-AB7B-9C9BD644B85A}.Debug|Any CPU.Build.0 = Debug|Any CPU
		{2615BF73-7B74-4F41-AB7B-9C9BD644B85A}.Release|Any CPU.ActiveCfg = Release|Any CPU
		{2615BF73-7B74-4F41-AB7B-9C9BD644B85A}.Release|Any CPU.Build.0 = Release|Any CPU
	EndGlobalSection
	GlobalSection(SolutionProperties) = preSolution
		HideSolutionNode = FALSE
	EndGlobalSection
	GlobalSection(ExtensibilityGlobals) = postSolution
		SolutionGuid = {07E3E9E1-ED2A-457B-9986-B47BBA8021B6}
	EndGlobalSection
EndGlobal
